
Microsoft Visual Studio Solution File, Format Version 12.00
# Visual Studio Version 17
VisualStudioVersion = 17.0.31912.275
MinimumVisualStudioVersion = 10.0.40219.1
Project("{9A19103F-16F7-4668-BE54-9A1E7A4F7556}") = "WorldOfWorms", "ConsoleApp2\WorldOfWorms.csproj", "{8AC92E67-6FA1-4654-BCFE-6F0BEE3AA435}"
EndProject
Project("{FAE04EC0-301F-11D3-BF4B-00C04F79EFBC}") = "WorldOfWorms.Tests", "Tests\WorldOfWorms.Tests\WorldOfWorms.Tests.csproj", "{FFBE686D-64FD-4539-81DA-D28FB2BCEDFD}"
EndProject
Global
	GlobalSection(SolutionConfigurationPlatforms) = preSolution
		Debug|Any CPU = Debug|Any CPU
		Release|Any CPU = Release|Any CPU
	EndGlobalSection
	GlobalSection(ProjectConfigurationPlatforms) = postSolution
		{8AC92E67-6FA1-4654-BCFE-6F0BEE3AA435}.Debug|Any CPU.ActiveCfg = Debug|Any CPU
		{8AC92E67-6FA1-4654-BCFE-6F0BEE3AA435}.Debug|Any CPU.Build.0 = Debug|Any CPU
		{8AC92E67-6FA1-4654-BCFE-6F0BEE3AA435}.Release|Any CPU.ActiveCfg = Release|Any CPU
		{8AC92E67-6FA1-4654-BCFE-6F0BEE3AA435}.Release|Any CPU.Build.0 = Release|Any CPU
		{FFBE686D-64FD-4539-81DA-D28FB2BCEDFD}.Debug|Any CPU.ActiveCfg = Debug|Any CPU
		{FFBE686D-64FD-4539-81DA-D28FB2BCEDFD}.Debug|Any CPU.Build.0 = Debug|Any CPU
		{FFBE686D-64FD-4539-81DA-D28FB2BCEDFD}.Release|Any CPU.ActiveCfg = Release|Any CPU
		{FFBE686D-64FD-4539-81DA-D28FB2BCEDFD}.Release|Any CPU.Build.0 = Release|Any CPU
	EndGlobalSection
	GlobalSection(SolutionProperties) = preSolution
		HideSolutionNode = FALSE
	EndGlobalSection
	GlobalSection(ExtensibilityGlobals) = postSolution
		SolutionGuid = {CEDA77FF-FD42-480D-89FF-04DC63C1478E}
	EndGlobalSection
EndGlobal
